lockfileVersion: '9.0'

settings:
  autoInstallPeers: true
  excludeLinksFromLockfile: false

importers:

  .:
    devDependencies:
      '@citizenfx/server':
        specifier: 2.0.7290-1
        version: 2.0.7290-1
      '@screencapture/typescript-config':
        specifier: workspace:*
        version: link:../packages/typescript-config

packages:

  '@citizenfx/server@2.0.7290-1':
    resolution: {integrity: sha512-ZWuREJ7APkrUh2XOuREdVrZBPH7VNvOdz4DWlj1NVslwNi0atCk9cxiRtQ5yJpBTY9mZDQ5XwNeelQBlW64Yjg==}

snapshots:

  '@citizenfx/server@2.0.7290-1': {}
